
Microsoft Visual Studio Solution File, Format Version 12.00
# Visual Studio Version 17
VisualStudioVersion = 17.7.34221.43
MinimumVisualStudioVersion = 10.0.40219.1
Project("{FAE04EC0-301F-11D3-BF4B-00C04F79EFBC}") = "Praktika9", "Praktika9\Praktika9.csproj", "{BAEB1732-9322-4DEA-8721-9204F1839469}"
EndProject
Global
	GlobalSection(SolutionConfigurationPlatforms) = preSolution
		Debug|Any CPU = Debug|Any CPU
		Release|Any CPU = Release|Any CPU
	EndGlobalSection
	GlobalSection(ProjectConfigurationPlatforms) = postSolution
		{BAEB1732-9322-4DEA-8721-9204F1839469}.Debug|Any CPU.ActiveCfg = Debug|Any CPU
		{BAEB1732-9322-4DEA-8721-9204F1839469}.Debug|Any CPU.Build.0 = Debug|Any CPU
		{BAEB1732-9322-4DEA-8721-9204F1839469}.Release|Any CPU.ActiveCfg = Release|Any CPU
		{BAEB1732-9322-4DEA-8721-9204F1839469}.Release|Any CPU.Build.0 = Release|Any CPU
	EndGlobalSection
	GlobalSection(SolutionProperties) = preSolution
		HideSolutionNode = FALSE
	EndGlobalSection
	GlobalSection(ExtensibilityGlobals) = postSolution
		SolutionGuid = {EB1A1D1B-CAB8-4832-B6DF-DFCD31C1B0BE}
	EndGlobalSection
EndGlobal
